
Microsoft Visual Studio Solution File, Format Version 12.00
# Visual Studio Version 17
VisualStudioVersion = 17.4.33110.190
MinimumVisualStudioVersion = 10.0.40219.1
Project("{9A19103F-16F7-4668-BE54-9A1E7A4F7556}") = "MultiPurposeProject", "MultiPurposeProject\MultiPurposeProject.csproj", "{04A5DAD8-7FFF-4435-B3AF-C8CB79037947}"
EndProject
Project("{E53339B2-1760-4266-BCC7-CA923CBCF16C}") = "docker-compose", "docker-compose.dcproj", "{276A6019-BB00-4FE1-9615-D482FA5B750D}"
EndProject
Project("{FAE04EC0-301F-11D3-BF4B-00C04F79EFBC}") = "MultiPurposeProjectTest", "MultiPurposeProjectTest\MultiPurposeProjectTest.csproj", "{DDB34210-167A-4D21-A02E-B7CAC242B9F9}"
EndProject
Global
	GlobalSection(SolutionConfigurationPlatforms) = preSolution
		Debug|Any CPU = Debug|Any CPU
		Release|Any CPU = Release|Any CPU
	EndGlobalSection
	GlobalSection(ProjectConfigurationPlatforms) = postSolution
		{04A5DAD8-7FFF-4435-B3AF-C8CB79037947}.Debug|Any CPU.ActiveCfg = Debug|Any CPU
		{04A5DAD8-7FFF-4435-B3AF-C8CB79037947}.Debug|Any CPU.Build.0 = Debug|Any CPU
		{04A5DAD8-7FFF-4435-B3AF-C8CB79037947}.Release|Any CPU.ActiveCfg = Release|Any CPU
		{04A5DAD8-7FFF-4435-B3AF-C8CB79037947}.Release|Any CPU.Build.0 = Release|Any CPU
		{276A6019-BB00-4FE1-9615-D482FA5B750D}.Debug|Any CPU.ActiveCfg = Debug|Any CPU
		{276A6019-BB00-4FE1-9615-D482FA5B750D}.Debug|Any CPU.Build.0 = Debug|Any CPU
		{276A6019-BB00-4FE1-9615-D482FA5B750D}.Release|Any CPU.ActiveCfg = Release|Any CPU
		{276A6019-BB00-4FE1-9615-D482FA5B750D}.Release|Any CPU.Build.0 = Release|Any CPU
		{DDB34210-167A-4D21-A02E-B7CAC242B9F9}.Debug|Any CPU.ActiveCfg = Debug|Any CPU
		{DDB34210-167A-4D21-A02E-B7CAC242B9F9}.Debug|Any CPU.Build.0 = Debug|Any CPU
		{DDB34210-167A-4D21-A02E-B7CAC242B9F9}.Release|Any CPU.ActiveCfg = Release|Any CPU
		{DDB34210-167A-4D21-A02E-B7CAC242B9F9}.Release|Any CPU.Build.0 = Release|Any CPU
	EndGlobalSection
	GlobalSection(SolutionProperties) = preSolution
		HideSolutionNode = FALSE
	EndGlobalSection
	GlobalSection(ExtensibilityGlobals) = postSolution
		SolutionGuid = {96AE390C-64A3-40A5-8672-D4760DA17F7F}
	EndGlobalSection
EndGlobal
